<?xml version="1.0" encoding="utf-8"?>
<Project ToolsVersion="4.0" xmlns="http://schemas.microsoft.com/developer/msbuild/2003">
  <ItemGroup>
    <Filter Include="Source Files">
      <UniqueIdentifier>{4FC737F1-C7A5-4376-A066-2A32D752A2FF}</UniqueIdentifier>
      <Extensions>cpp;c;cc;cxx;def;odl;idl;hpj;bat;asm;asmx</Extensions>
    </Filter>
    <Filter Include="Header Files">
      <UniqueIdentifier>{93995380-89BD-4b04-88EB-625FBE52EBFB}</UniqueIdentifier>
      <Extensions>h;hh;hpp;hxx;hm;inl;inc;ipp;xsd</Extensions>
    </Filter>
    <Filter Include="Resource Files">
      <UniqueIdentifier>{67DA6AB6-F800-4c08-8B7A-83BB121AAD01}</UniqueIdentifier>
      <Extensions>rc;ico;cur;bmp;dlg;rc2;rct;bin;rgs;gif;jpg;jpeg;jpe;resx;tiff;tif;png;wav;mfcribbon-ms</Extensions>
    </Filter>
  </ItemGroup>
  <ItemGroup>
    <ClInclude Include="Tonality.h">
      <Filter>Header Files</Filter>
    </ClInclude>
    <ClInclude Include="src\Tonality\ADSR.h">
      <Filter>Header Files</Filter>
    </ClInclude>
    <ClInclude Include="src\Tonality\Arithmetic.h">
      <Filter>Header Files</Filter>
    </ClInclude>
    <ClInclude Include="src\Tonality\AudioFileUtils.h">
      <Filter>Header Files</Filter>
    </ClInclude>
    <ClInclude Include="src\Tonality\BasicDelay.h">
      <Filter>Header Files</Filter>
    </ClInclude>
    <ClInclude Include="src\Tonality\BitCrusher.h">
      <Filter>Header Files</Filter>
    </ClInclude>
    <ClInclude Include="src\Tonality\BLEPOscillator.h">
      <Filter>Header Files</Filter>
    </ClInclude>
    <ClInclude Include="src\Tonality\BufferFiller.h">
      <Filter>Header Files</Filter>
    </ClInclude>
    <ClInclude Include="src\Tonality\BufferPlayer.h">
      <Filter>Header Files</Filter>
    </ClInclude>
    <ClInclude Include="src\Tonality\CombFilter.h">
      <Filter>Header Files</Filter>
    </ClInclude>
    <ClInclude Include="src\Tonality\CompressorLimiter.h">
      <Filter>Header Files</Filter>
    </ClInclude>
    <ClInclude Include="src\Tonality\ControlArithmetic.h">
      <Filter>Header Files</Filter>
    </ClInclude>
    <ClInclude Include="src\Tonality\ControlCallback.h">
      <Filter>Header Files</Filter>
    </ClInclude>
    <ClInclude Include="src\Tonality\ControlChangeNotifier.h">
      <Filter>Header Files</Filter>
    </ClInclude>
    <ClInclude Include="src\Tonality\ControlComparison.h">
      <Filter>Header Files</Filter>
    </ClInclude>
    <ClInclude Include="src\Tonality\ControlConditioner.h">
      <Filter>Header Files</Filter>
    </ClInclude>
    <ClInclude Include="src\Tonality\ControlCounter.h">
      <Filter>Header Files</Filter>
    </ClInclude>
    <ClInclude Include="src\Tonality\ControlDbToLinear.h">
      <Filter>Header Files</Filter>
    </ClInclude>
    <ClInclude Include="src\Tonality\ControlGenerator.h">
      <Filter>Header Files</Filter>
    </ClInclude>
    <ClInclude Include="src\Tonality\ControlMetro.h">
      <Filter>Header Files</Filter>
    </ClInclude>
    <ClInclude Include="src\Tonality\ControlMetroDivider.h">
      <Filter>Header Files</Filter>
    </ClInclude>
    <ClInclude Include="src\Tonality\ControlMidiToFreq.h">
      <Filter>Header Files</Filter>
    </ClInclude>
    <ClInclude Include="src\Tonality\ControlParameter.h">
      <Filter>Header Files</Filter>
    </ClInclude>
    <ClInclude Include="src\Tonality\ControlPrinter.h">
      <Filter>Header Files</Filter>
    </ClInclude>
    <ClInclude Include="src\Tonality\ControlPulse.h">
      <Filter>Header Files</Filter>
    </ClInclude>
    <ClInclude Include="src\Tonality\ControlRandom.h">
      <Filter>Header Files</Filter>
    </ClInclude>
    <ClInclude Include="src\Tonality\ControlRecorder.h">
      <Filter>Header Files</Filter>
    </ClInclude>
    <ClInclude Include="src\Tonality\ControlSnapToScale.h">
      <Filter>Header Files</Filter>
    </ClInclude>
    <ClInclude Include="src\Tonality\ControlStepper.h">
      <Filter>Header Files</Filter>
    </ClInclude>
    <ClInclude Include="src\Tonality\ControlSwitcher.h">
      <Filter>Header Files</Filter>
    </ClInclude>
    <ClInclude Include="src\Tonality\ControlTrigger.h">
      <Filter>Header Files</Filter>
    </ClInclude>
    <ClInclude Include="src\Tonality\ControlTriggerFilter.h">
      <Filter>Header Files</Filter>
    </ClInclude>
    <ClInclude Include="src\Tonality\ControlValue.h">
      <Filter>Header Files</Filter>
    </ClInclude>
    <ClInclude Include="src\Tonality\ControlXYSpeed.h">
      <Filter>Header Files</Filter>
    </ClInclude>
    <ClInclude Include="src\Tonality\DelayUtils.h">
      <Filter>Header Files</Filter>
    </ClInclude>
    <ClInclude Include="src\Tonality\DSPUtils.h">
      <Filter>Header Files</Filter>
    </ClInclude>
    <ClInclude Include="src\Tonality\Effect.h">
      <Filter>Header Files</Filter>
    </ClInclude>
    <ClInclude Include="src\Tonality\Filters.h">
      <Filter>Header Files</Filter>
    </ClInclude>
    <ClInclude Include="src\Tonality\FilterUtils.h">
      <Filter>Header Files</Filter>
    </ClInclude>
    <ClInclude Include="src\Tonality\FixedValue.h">
      <Filter>Header Files</Filter>
    </ClInclude>
    <ClInclude Include="src\Tonality\Generator.h">
      <Filter>Header Files</Filter>
    </ClInclude>
    <ClInclude Include="src\Tonality\LFNoise.h">
      <Filter>Header Files</Filter>
    </ClInclude>
    <ClInclude Include="src\Tonality\Mixer.h">
      <Filter>Header Files</Filter>
    </ClInclude>
    <ClInclude Include="src\Tonality\MonoToStereoPanner.h">
      <Filter>Header Files</Filter>
    </ClInclude>
    <ClInclude Include="src\Tonality\Noise.h">
      <Filter>Header Files</Filter>
    </ClInclude>
    <ClInclude Include="src\Tonality\RampedValue.h">
      <Filter>Header Files</Filter>
    </ClInclude>
    <ClInclude Include="src\Tonality\RectWave.h">
      <Filter>Header Files</Filter>
    </ClInclude>
    <ClInclude Include="src\Tonality\Reverb.h">
      <Filter>Header Files</Filter>
    </ClInclude>
    <ClInclude Include="src\Tonality\RingBuffer.h">
      <Filter>Header Files</Filter>
    </ClInclude>
    <ClInclude Include="src\Tonality\SampleTable.h">
      <Filter>Header Files</Filter>
    </ClInclude>
    <ClInclude Include="src\Tonality\SawtoothWave.h">
      <Filter>Header Files</Filter>
    </ClInclude>
    <ClInclude Include="src\Tonality\SineWave.h">
      <Filter>Header Files</Filter>
    </ClInclude>
    <ClInclude Include="src\Tonality\SquareWave.h">
      <Filter>Header Files</Filter>
    </ClInclude>
    <ClInclude Include="src\Tonality\StereoDelay.h">
      <Filter>Header Files</Filter>
    </ClInclude>
    <ClInclude Include="src\Tonality\Synth.h">
      <Filter>Header Files</Filter>
    </ClInclude>
    <ClInclude Include="src\Tonality\TableLookupOsc.h">
      <Filter>Header Files</Filter>
    </ClInclude>
    <ClInclude Include="src\Tonality\TonalityCore.h">
      <Filter>Header Files</Filter>
    </ClInclude>
    <ClInclude Include="src\Tonality\TonalityFrames.h">
      <Filter>Header Files</Filter>
    </ClInclude>
    <ClInclude Include="src\Tonality\TriangleWave.h">
      <Filter>Header Files</Filter>
    </ClInclude>
  </ItemGroup>
  <ItemGroup>
    <ClCompile Include="src\Tonality\ADSR.cpp">
      <Filter>Source Files</Filter>
    </ClCompile>
    <ClCompile Include="src\Tonality\Arthmetic.cpp">
      <Filter>Source Files</Filter>
    </ClCompile>
    <ClCompile Include="src\Tonality\AudioFileUtils.cpp">
      <Filter>Source Files</Filter>
    </ClCompile>
    <ClCompile Include="src\Tonality\BasicDelay.cpp">
      <Filter>Source Files</Filter>
    </ClCompile>
    <ClCompile Include="src\Tonality\BitCrusher.cpp">
      <Filter>Source Files</Filter>
    </ClCompile>
    <ClCompile Include="src\Tonality\BLEPOscillator.cpp">
      <Filter>Source Files</Filter>
    </ClCompile>
    <ClCompile Include="src\Tonality\BufferFiller.cpp">
      <Filter>Source Files</Filter>
    </ClCompile>
    <ClCompile Include="src\Tonality\BufferPlayer.cpp">
      <Filter>Source Files</Filter>
    </ClCompile>
    <ClCompile Include="src\Tonality\CombFilter.cpp">
      <Filter>Source Files</Filter>
    </ClCompile>
    <ClCompile Include="src\Tonality\CompressorLimiter.cpp">
      <Filter>Source Files</Filter>
    </ClCompile>
    <ClCompile Include="src\Tonality\ControlArithmetic.cpp">
      <Filter>Source Files</Filter>
    </ClCompile>
    <ClCompile Include="src\Tonality\ControlCallback.cpp">
      <Filter>Source Files</Filter>
    </ClCompile>
    <ClCompile Include="src\Tonality\ControlChangeNotifer.cpp">
      <Filter>Source Files</Filter>
    </ClCompile>
    <ClCompile Include="src\Tonality\ControlComparison.cpp">
      <Filter>Source Files</Filter>
    </ClCompile>
    <ClCompile Include="src\Tonality\ControlConditioner.cpp">
      <Filter>Source Files</Filter>
    </ClCompile>
    <ClCompile Include="src\Tonality\ControlCounter.cpp">
      <Filter>Source Files</Filter>
    </ClCompile>
    <ClCompile Include="src\Tonality\ControlDbToLinear.cpp">
      <Filter>Source Files</Filter>
    </ClCompile>
    <ClCompile Include="src\Tonality\ControlGenerator.cpp">
      <Filter>Source Files</Filter>
    </ClCompile>
    <ClCompile Include="src\Tonality\ControlMetro.cpp">
      <Filter>Source Files</Filter>
    </ClCompile>
    <ClCompile Include="src\Tonality\ControlMetroDivider.cpp">
      <Filter>Source Files</Filter>
    </ClCompile>
    <ClCompile Include="src\Tonality\ControlMidiToFreq.cpp">
      <Filter>Source Files</Filter>
    </ClCompile>
    <ClCompile Include="src\Tonality\ControlParameter.cpp">
      <Filter>Source Files</Filter>
    </ClCompile>
    <ClCompile Include="src\Tonality\ControlPrinter.cpp">
      <Filter>Source Files</Filter>
    </ClCompile>
    <ClCompile Include="src\Tonality\ControlPulse.cpp">
      <Filter>Source Files</Filter>
    </ClCompile>
    <ClCompile Include="src\Tonality\ControlRandom.cpp">
      <Filter>Source Files</Filter>
    </ClCompile>
    <ClCompile Include="src\Tonality\ControlRecorder.cpp">
      <Filter>Source Files</Filter>
    </ClCompile>
    <ClCompile Include="src\Tonality\ControlSnapToScale.cpp">
      <Filter>Source Files</Filter>
    </ClCompile>
    <ClCompile Include="src\Tonality\ControlStepper.cpp">
      <Filter>Source Files</Filter>
    </ClCompile>
    <ClCompile Include="src\Tonality\ControlSwitcher.cpp">
      <Filter>Source Files</Filter>
    </ClCompile>
    <ClCompile Include="src\Tonality\ControlTrigger.cpp">
      <Filter>Source Files</Filter>
    </ClCompile>
    <ClCompile Include="src\Tonality\ControlTriggerFilter.cpp">
      <Filter>Source Files</Filter>
    </ClCompile>
    <ClCompile Include="src\Tonality\ControlValue.cpp">
      <Filter>Source Files</Filter>
    </ClCompile>
    <ClCompile Include="src\Tonality\ControlXYSpeed.cpp">
      <Filter>Source Files</Filter>
    </ClCompile>
    <ClCompile Include="src\Tonality\DelayUtils.cpp">
      <Filter>Source Files</Filter>
    </ClCompile>
    <ClCompile Include="src\Tonality\DSPUtils.cpp">
      <Filter>Source Files</Filter>
    </ClCompile>
    <ClCompile Include="src\Tonality\Effect.cpp">
      <Filter>Source Files</Filter>
    </ClCompile>
    <ClCompile Include="src\Tonality\Filter.cpp">
      <Filter>Source Files</Filter>
    </ClCompile>
    <ClCompile Include="src\Tonality\FilterUtils.cpp">
      <Filter>Source Files</Filter>
    </ClCompile>
    <ClCompile Include="src\Tonality\Generator.cpp">
      <Filter>Source Files</Filter>
    </ClCompile>
    <ClCompile Include="src\Tonality\LFNoise.cpp">
      <Filter>Source Files</Filter>
    </ClCompile>
    <ClCompile Include="src\Tonality\Mixer.cpp">
      <Filter>Source Files</Filter>
    </ClCompile>
    <ClCompile Include="src\Tonality\MonoToStereoPanner.cpp">
      <Filter>Source Files</Filter>
    </ClCompile>
    <ClCompile Include="src\Tonality\Noise.cpp">
      <Filter>Source Files</Filter>
    </ClCompile>
    <ClCompile Include="src\Tonality\RampedValue.cpp">
      <Filter>Source Files</Filter>
    </ClCompile>
    <ClCompile Include="src\Tonality\RectWave.cpp">
      <Filter>Source Files</Filter>
    </ClCompile>
    <ClCompile Include="src\Tonality\Reverb.cpp">
      <Filter>Source Files</Filter>
    </ClCompile>
    <ClCompile Include="src\Tonality\RingBuffer.cpp">
      <Filter>Source Files</Filter>
    </ClCompile>
    <ClCompile Include="src\Tonality\SampleTable.cpp">
      <Filter>Source Files</Filter>
    </ClCompile>
    <ClCompile Include="src\Tonality\SineWave.cpp">
      <Filter>Source Files</Filter>
    </ClCompile>
    <ClCompile Include="src\Tonality\StereoDelay.cpp">
      <Filter>Source Files</Filter>
    </ClCompile>
    <ClCompile Include="src\Tonality\Synth.cpp">
      <Filter>Source Files</Filter>
    </ClCompile>
    <ClCompile Include="src\Tonality\TableLookupOsc.cpp">
      <Filter>Source Files</Filter>
    </ClCompile>
    <ClCompile Include="src\Tonality\TonalityFrames.cpp">
      <Filter>Source Files</Filter>
    </ClCompile>
    <ClCompile Include="src\Tonality\SawtoothWave.cpp">
      <Filter>Source Files</Filter>
    </ClCompile>
    <ClCompile Include="src\Tonality\FixedValue.cpp">
      <Filter>Source Files</Filter>
    </ClCompile>
  </ItemGroup>
</Project>