<?xml version="1.0" encoding="utf-8"?>
<Project ToolsVersion="4.0" xmlns="http://schemas.microsoft.com/developer/msbuild/2003">
  <ItemGroup>
    <Filter Include="Source Files">
      <UniqueIdentifier>{4FC737F1-C7A5-4376-A066-2A32D752A2FF}</UniqueIdentifier>
      <Extensions>cpp;c;cc;cxx;def;odl;idl;hpj;bat;asm;asmx</Extensions>
    </Filter>
    <Filter Include="Header Files">
      <UniqueIdentifier>{93995380-89BD-4b04-88EB-625FBE52EBFB}</UniqueIdentifier>
      <Extensions>h;hh;hpp;hxx;hm;inl;inc;ipp;xsd</Extensions>
    </Filter>
    <Filter Include="Resource Files">
      <UniqueIdentifier>{67DA6AB6-F800-4c08-8B7A-83BB121AAD01}</UniqueIdentifier>
      <Extensions>rc;ico;cur;bmp;dlg;rc2;rct;bin;rgs;gif;jpg;jpeg;jpe;resx;tiff;tif;png;wav;mfcribbon-ms</Extensions>
    </Filter>
  </ItemGroup>
  <ItemGroup>
    <ClInclude Include="src\TonalityCore.h">
      <Filter>Header Files</Filter>
    </ClInclude>
    <ClInclude Include="src\TonalityFrames.h">
      <Filter>Header Files</Filter>
    </ClInclude>
    <ClInclude Include="src\DSPUtils.h">
      <Filter>Header Files</Filter>
    </ClInclude>
    <ClInclude Include="src\DelayUtils.h">
      <Filter>Header Files</Filter>
    </ClInclude>
    <ClInclude Include="src\Generator.h">
      <Filter>Header Files</Filter>
    </ClInclude>
    <ClInclude Include="src\ControlGenerator.h">
      <Filter>Header Files</Filter>
    </ClInclude>
    <ClInclude Include="src\ControlValue.h">
      <Filter>Header Files</Filter>
    </ClInclude>
    <ClInclude Include="src\RampedValue.h">
      <Filter>Header Files</Filter>
    </ClInclude>
    <ClInclude Include="src\FixedValue.h">
      <Filter>Header Files</Filter>
    </ClInclude>
    <ClInclude Include="src\SampleTable.h">
      <Filter>Header Files</Filter>
    </ClInclude>
    <ClInclude Include="src\AudioFileUtils.h">
      <Filter>Header Files</Filter>
    </ClInclude>
    <ClInclude Include="src\Arithmetic.h">
      <Filter>Header Files</Filter>
    </ClInclude>
    <ClInclude Include="src\FilterUtils.h">
      <Filter>Header Files</Filter>
    </ClInclude>
    <ClInclude Include="src\Noise.h">
      <Filter>Header Files</Filter>
    </ClInclude>
    <ClInclude Include="src\Effect.h">
      <Filter>Header Files</Filter>
    </ClInclude>
    <ClInclude Include="src\ControlCallback.h">
      <Filter>Header Files</Filter>
    </ClInclude>
    <ClInclude Include="src\ControlConditioner.h">
      <Filter>Header Files</Filter>
    </ClInclude>
    <ClInclude Include="src\ControlArithmetic.h">
      <Filter>Header Files</Filter>
    </ClInclude>
    <ClInclude Include="src\ControlChangeNotifier.h">
      <Filter>Header Files</Filter>
    </ClInclude>
    <ClInclude Include="src\ControlComparison.h">
      <Filter>Header Files</Filter>
    </ClInclude>
    <ClInclude Include="src\ControlCounter.h">
      <Filter>Header Files</Filter>
    </ClInclude>
    <ClInclude Include="src\ControlDbToLinear.h">
      <Filter>Header Files</Filter>
    </ClInclude>
    <ClInclude Include="src\ADSR.h">
      <Filter>Header Files</Filter>
    </ClInclude>
    <ClInclude Include="src\BufferFiller.h">
      <Filter>Header Files</Filter>
    </ClInclude>
    <ClInclude Include="src\BufferPlayer.h">
      <Filter>Header Files</Filter>
    </ClInclude>
    <ClInclude Include="src\ControlTrigger.h">
      <Filter>Header Files</Filter>
    </ClInclude>
    <ClInclude Include="src\ControlTriggerFilter.h">
      <Filter>Header Files</Filter>
    </ClInclude>
    <ClInclude Include="src\SawtoothWave.h">
      <Filter>Header Files</Filter>
    </ClInclude>
    <ClInclude Include="src\BasicDelay.h">
      <Filter>Header Files</Filter>
    </ClInclude>
    <ClInclude Include="src\SineWave.h">
      <Filter>Header Files</Filter>
    </ClInclude>
    <ClInclude Include="src\TableLookupOsc.h">
      <Filter>Header Files</Filter>
    </ClInclude>
    <ClInclude Include="src\ControlMetro.h">
      <Filter>Header Files</Filter>
    </ClInclude>
    <ClInclude Include="src\ControlMetroDivider.h">
      <Filter>Header Files</Filter>
    </ClInclude>
    <ClInclude Include="src\ControlMidiToFreq.h">
      <Filter>Header Files</Filter>
    </ClInclude>
    <ClInclude Include="src\ControlParameter.h">
      <Filter>Header Files</Filter>
    </ClInclude>
    <ClInclude Include="src\ControlPrinter.h">
      <Filter>Header Files</Filter>
    </ClInclude>
    <ClInclude Include="src\ControlPulse.h">
      <Filter>Header Files</Filter>
    </ClInclude>
    <ClInclude Include="src\ControlRandom.h">
      <Filter>Header Files</Filter>
    </ClInclude>
    <ClInclude Include="src\ControlRecorder.h">
      <Filter>Header Files</Filter>
    </ClInclude>
    <ClInclude Include="src\ControlSnapToScale.h">
      <Filter>Header Files</Filter>
    </ClInclude>
    <ClInclude Include="src\ControlStepper.h">
      <Filter>Header Files</Filter>
    </ClInclude>
    <ClInclude Include="src\ControlSwitcher.h">
      <Filter>Header Files</Filter>
    </ClInclude>
    <ClInclude Include="src\ControlXYSpeed.h">
      <Filter>Header Files</Filter>
    </ClInclude>
    <ClInclude Include="src\LFNoise.h">
      <Filter>Header Files</Filter>
    </ClInclude>
    <ClInclude Include="src\Mixer.h">
      <Filter>Header Files</Filter>
    </ClInclude>
    <ClInclude Include="src\CompressorLimiter.h">
      <Filter>Header Files</Filter>
    </ClInclude>
    <ClInclude Include="src\Synth.h">
      <Filter>Header Files</Filter>
    </ClInclude>
    <ClInclude Include="src\MonoToStereoPanner.h">
      <Filter>Header Files</Filter>
    </ClInclude>
    <ClInclude Include="src\RectWave.h">
      <Filter>Header Files</Filter>
    </ClInclude>
    <ClInclude Include="src\BLEPOscillator.h">
      <Filter>Header Files</Filter>
    </ClInclude>
    <ClInclude Include="src\Reverb.h">
      <Filter>Header Files</Filter>
    </ClInclude>
    <ClInclude Include="src\RingBuffer.h">
      <Filter>Header Files</Filter>
    </ClInclude>
    <ClInclude Include="src\CombFilter.h">
      <Filter>Header Files</Filter>
    </ClInclude>
    <ClInclude Include="src\SquareWave.h">
      <Filter>Header Files</Filter>
    </ClInclude>
    <ClInclude Include="src\StereoDelay.h">
      <Filter>Header Files</Filter>
    </ClInclude>
    <ClInclude Include="src\TriangleWave.h">
      <Filter>Header Files</Filter>
    </ClInclude>
    <ClInclude Include="src\BitCrusher.h">
      <Filter>Header Files</Filter>
    </ClInclude>
    <ClInclude Include="src\Filters.h">
      <Filter>Header Files</Filter>
    </ClInclude>
    <ClInclude Include="Tonality.h">
      <Filter>Header Files</Filter>
    </ClInclude>
  </ItemGroup>
  <ItemGroup>
    <ClCompile Include="src\TonalityFrames.cpp">
      <Filter>Source Files</Filter>
    </ClCompile>
    <ClCompile Include="src\DSPUtils.cpp">
      <Filter>Source Files</Filter>
    </ClCompile>
    <ClCompile Include="src\DelayUtils.cpp">
      <Filter>Source Files</Filter>
    </ClCompile>
    <ClCompile Include="src\ControlGenerator.cpp">
      <Filter>Source Files</Filter>
    </ClCompile>
    <ClCompile Include="src\ControlValue.cpp">
      <Filter>Source Files</Filter>
    </ClCompile>
    <ClCompile Include="src\RampedValue.cpp">
      <Filter>Source Files</Filter>
    </ClCompile>
    <ClCompile Include="src\Generator.cpp">
      <Filter>Source Files</Filter>
    </ClCompile>
    <ClCompile Include="src\SampleTable.cpp">
      <Filter>Source Files</Filter>
    </ClCompile>
    <ClCompile Include="src\AudioFileUtils.cpp">
      <Filter>Source Files</Filter>
    </ClCompile>
    <ClCompile Include="src\Arthmetic.cpp">
      <Filter>Source Files</Filter>
    </ClCompile>
    <ClCompile Include="src\FilterUtils.cpp">
      <Filter>Source Files</Filter>
    </ClCompile>
    <ClCompile Include="src\Noise.cpp">
      <Filter>Source Files</Filter>
    </ClCompile>
    <ClCompile Include="src\Effect.cpp">
      <Filter>Source Files</Filter>
    </ClCompile>
    <ClCompile Include="src\ControlConditioner.cpp">
      <Filter>Source Files</Filter>
    </ClCompile>
    <ClCompile Include="src\ControlCallback.cpp">
      <Filter>Source Files</Filter>
    </ClCompile>
    <ClCompile Include="src\ControlArithmetic.cpp">
      <Filter>Source Files</Filter>
    </ClCompile>
    <ClCompile Include="src\ControlChangeNotifer.cpp">
      <Filter>Source Files</Filter>
    </ClCompile>
    <ClCompile Include="src\ControlComparison.cpp">
      <Filter>Source Files</Filter>
    </ClCompile>
    <ClCompile Include="src\ControlCounter.cpp">
      <Filter>Source Files</Filter>
    </ClCompile>
    <ClCompile Include="src\ControlDbToLinear.cpp">
      <Filter>Source Files</Filter>
    </ClCompile>
    <ClCompile Include="src\ADSR.cpp">
      <Filter>Source Files</Filter>
    </ClCompile>
    <ClCompile Include="src\BufferFiller.cpp">
      <Filter>Source Files</Filter>
    </ClCompile>
    <ClCompile Include="src\BufferPlayer.cpp">
      <Filter>Source Files</Filter>
    </ClCompile>
    <ClCompile Include="src\ControlTrigger.cpp">
      <Filter>Source Files</Filter>
    </ClCompile>
    <ClCompile Include="src\ControlTriggerFilter.cpp">
      <Filter>Source Files</Filter>
    </ClCompile>
    <ClCompile Include="src\BasicDelay.cpp">
      <Filter>Source Files</Filter>
    </ClCompile>
    <ClCompile Include="src\TableLookupOsc.cpp">
      <Filter>Source Files</Filter>
    </ClCompile>
    <ClCompile Include="src\SineWave.cpp">
      <Filter>Source Files</Filter>
    </ClCompile>
    <ClCompile Include="src\ControlMetro.cpp">
      <Filter>Source Files</Filter>
    </ClCompile>
    <ClCompile Include="src\ControlMetroDivider.cpp">
      <Filter>Source Files</Filter>
    </ClCompile>
    <ClCompile Include="src\ControlMidiToFreq.cpp">
      <Filter>Source Files</Filter>
    </ClCompile>
    <ClCompile Include="src\ControlParameter.cpp">
      <Filter>Source Files</Filter>
    </ClCompile>
    <ClCompile Include="src\ControlPrinter.cpp">
      <Filter>Source Files</Filter>
    </ClCompile>
    <ClCompile Include="src\ControlPulse.cpp">
      <Filter>Source Files</Filter>
    </ClCompile>
    <ClCompile Include="src\ControlRandom.cpp">
      <Filter>Source Files</Filter>
    </ClCompile>
    <ClCompile Include="src\ControlRecorder.cpp">
      <Filter>Source Files</Filter>
    </ClCompile>
    <ClCompile Include="src\ControlSnapToScale.cpp">
      <Filter>Source Files</Filter>
    </ClCompile>
    <ClCompile Include="src\ControlStepper.cpp">
      <Filter>Source Files</Filter>
    </ClCompile>
    <ClCompile Include="src\ControlXYSpeed.cpp">
      <Filter>Source Files</Filter>
    </ClCompile>
    <ClCompile Include="src\ControlSwitcher.cpp">
      <Filter>Source Files</Filter>
    </ClCompile>
    <ClCompile Include="src\LFNoise.cpp">
      <Filter>Source Files</Filter>
    </ClCompile>
    <ClCompile Include="src\Mixer.cpp">
      <Filter>Source Files</Filter>
    </ClCompile>
    <ClCompile Include="src\CompressorLimiter.cpp">
      <Filter>Source Files</Filter>
    </ClCompile>
    <ClCompile Include="src\Synth.cpp">
      <Filter>Source Files</Filter>
    </ClCompile>
    <ClCompile Include="src\MonoToStereoPanner.cpp">
      <Filter>Source Files</Filter>
    </ClCompile>
    <ClCompile Include="src\RectWave.cpp">
      <Filter>Source Files</Filter>
    </ClCompile>
    <ClCompile Include="src\BLEPOscillator.cpp">
      <Filter>Source Files</Filter>
    </ClCompile>
    <ClCompile Include="src\Reverb.cpp">
      <Filter>Source Files</Filter>
    </ClCompile>
    <ClCompile Include="src\RingBuffer.cpp">
      <Filter>Source Files</Filter>
    </ClCompile>
    <ClCompile Include="src\CombFilter.cpp">
      <Filter>Source Files</Filter>
    </ClCompile>
    <ClCompile Include="src\StereoDelay.cpp">
      <Filter>Source Files</Filter>
    </ClCompile>
    <ClCompile Include="src\BitCrusher.cpp">
      <Filter>Source Files</Filter>
    </ClCompile>
    <ClCompile Include="src\Filter.cpp">
      <Filter>Source Files</Filter>
    </ClCompile>
  </ItemGroup>
</Project>